
Microsoft Visual Studio Solution File, Format Version 12.00
# Visual Studio Version 17
VisualStudioVersion = 17.2.32602.215
MinimumVisualStudioVersion = 10.0.40219.1
Project("{FAE04EC0-301F-11D3-BF4B-00C04F79EFBC}") = "Doctormanagement", "Doctormanagement\Doctormanagement.csproj", "{0F79634F-8684-42CF-8F56-363245781047}"
EndProject
Global
	GlobalSection(SolutionConfigurationPlatforms) = preSolution
		Debug|Any CPU = Debug|Any CPU
		Release|Any CPU = Release|Any CPU
	EndGlobalSection
	GlobalSection(ProjectConfigurationPlatforms) = postSolution
		{0F79634F-8684-42CF-8F56-363245781047}.Debug|Any CPU.ActiveCfg = Debug|Any CPU
		{0F79634F-8684-42CF-8F56-363245781047}.Debug|Any CPU.Build.0 = Debug|Any CPU
		{0F79634F-8684-42CF-8F56-363245781047}.Release|Any CPU.ActiveCfg = Release|Any CPU
		{0F79634F-8684-42CF-8F56-363245781047}.Release|Any CPU.Build.0 = Release|Any CPU
	EndGlobalSection
	GlobalSection(SolutionProperties) = preSolution
		HideSolutionNode = FALSE
	EndGlobalSection
	GlobalSection(ExtensibilityGlobals) = postSolution
		SolutionGuid = {B44C3021-CFC3-44B1-BF7E-1BD0439BE7B2}
	EndGlobalSection
EndGlobal
